<?xml version="1.0" encoding="utf-8"?>
<Project ToolsVersion="4.0" xmlns="http://schemas.microsoft.com/developer/msbuild/2003">
  <ItemGroup>
    <Filter Include="Файлы ресурсов">
      <UniqueIdentifier>{67DA6AB6-F800-4c08-8B7A-83BB121AAD01}</UniqueIdentifier>
      <Extensions>rc;ico;cur;bmp;dlg;rc2;rct;bin;rgs;gif;jpg;jpeg;jpe;resx;tiff;tif;png;wav;mfcribbon-ms</Extensions>
    </Filter>
    <Filter Include="Pictures">
      <UniqueIdentifier>{ca25a6cc-8524-44e9-bcd7-fafbc312fbae}</UniqueIdentifier>
    </Filter>
    <Filter Include="headeres">
      <UniqueIdentifier>{93995380-89BD-4b04-88EB-625FBE52EBFB}</UniqueIdentifier>
      <Extensions>h;hh;hpp;hxx;h++;hm;inl;inc;ipp;xsd</Extensions>
    </Filter>
    <Filter Include="sourses">
      <UniqueIdentifier>{4FC737F1-C7A5-4376-A066-2A32D752A2FF}</UniqueIdentifier>
      <Extensions>cpp;c;cc;cxx;c++;cppm;ixx;def;odl;idl;hpj;bat;asm;asmx</Extensions>
    </Filter>
    <Filter Include="sourses\player">
      <UniqueIdentifier>{fd134eb2-6f05-4cbc-8e7e-685284d28794}</UniqueIdentifier>
    </Filter>
    <Filter Include="sourses\generation">
      <UniqueIdentifier>{63a6b5f4-44c2-40b2-aa64-51a53e15df20}</UniqueIdentifier>
    </Filter>
    <Filter Include="sourses\draw">
      <UniqueIdentifier>{911763f2-a3fc-48af-be47-14895b3fefed}</UniqueIdentifier>
    </Filter>
    <Filter Include="Файлы ресурсов\NewFilter1">
      <UniqueIdentifier>{c4233805-a4b2-445f-8bf2-4cb9b274dbae}</UniqueIdentifier>
    </Filter>
    <Filter Include="sourses\enemy">
      <UniqueIdentifier>{951373c1-c439-4dc5-8e80-8cf68bb4ab2d}</UniqueIdentifier>
    </Filter>
  </ItemGroup>
  <ItemGroup>
    <None Include="packages.config" />
  </ItemGroup>
  <ItemGroup>
    <Image Include="..\..\..\..\Desktop\picture.png">
      <Filter>Pictures</Filter>
    </Image>
  </ItemGroup>
  <ItemGroup>
    <ClInclude Include="Player.h">
      <Filter>headeres</Filter>
    </ClInclude>
    <ClInclude Include="draw.h">
      <Filter>headeres</Filter>
    </ClInclude>
    <ClInclude Include="generation.h">
      <Filter>headeres</Filter>
    </ClInclude>
    <ClInclude Include="colision.h">
      <Filter>headeres</Filter>
    </ClInclude>
    <ClInclude Include="way_search.h">
      <Filter>headeres</Filter>
    </ClInclude>
    <ClInclude Include="enemy.h">
      <Filter>headeres</Filter>
    </ClInclude>
  </ItemGroup>
  <ItemGroup>
    <ClCompile Include="main.c">
      <Filter>sourses</Filter>
    </ClCompile>
    <ClCompile Include="way_search.c">
      <Filter>sourses\enemy</Filter>
    </ClCompile>
    <ClCompile Include="enemy.c">
      <Filter>sourses\enemy</Filter>
    </ClCompile>
    <ClCompile Include="colision.c">
      <Filter>sourses\player</Filter>
    </ClCompile>
    <ClCompile Include="Player.c">
      <Filter>sourses\player</Filter>
    </ClCompile>
    <ClCompile Include="generation.c">
      <Filter>sourses\generation</Filter>
    </ClCompile>
    <ClCompile Include="draw.c">
      <Filter>sourses\draw</Filter>
    </ClCompile>
  </ItemGroup>
</Project>